
Microsoft Visual Studio Solution File, Format Version 12.00
# Visual Studio Version 17
VisualStudioVersion = 17.4.33213.308
MinimumVisualStudioVersion = 10.0.40219.1
Project("{FAE04EC0-301F-11D3-BF4B-00C04F79EFBC}") = "RGZ", "RGZ.csproj", "{484364FA-DF5D-45C1-B42A-7A0A8744E3E1}"
EndProject
Global
	GlobalSection(SolutionConfigurationPlatforms) = preSolution
		Debug|Any CPU = Debug|Any CPU
		Release|Any CPU = Release|Any CPU
	EndGlobalSection
	GlobalSection(ProjectConfigurationPlatforms) = postSolution
		{484364FA-DF5D-45C1-B42A-7A0A8744E3E1}.Debug|Any CPU.ActiveCfg = Debug|Any CPU
		{484364FA-DF5D-45C1-B42A-7A0A8744E3E1}.Debug|Any CPU.Build.0 = Debug|Any CPU
		{484364FA-DF5D-45C1-B42A-7A0A8744E3E1}.Release|Any CPU.ActiveCfg = Release|Any CPU
		{484364FA-DF5D-45C1-B42A-7A0A8744E3E1}.Release|Any CPU.Build.0 = Release|Any CPU
	EndGlobalSection
	GlobalSection(SolutionProperties) = preSolution
		HideSolutionNode = FALSE
	EndGlobalSection
	GlobalSection(ExtensibilityGlobals) = postSolution
		SolutionGuid = {23D837D1-DB16-40F8-BC7C-24C7FED953A7}
	EndGlobalSection
EndGlobal
